
Microsoft Visual Studio Solution File, Format Version 12.00
# Visual Studio Version 16
VisualStudioVersion = 16.0.31624.102
MinimumVisualStudioVersion = 10.0.40219.1
Project("{9A19103F-16F7-4668-BE54-9A1E7A4F7556}") = "Gruppeoppgave1_Webapplikasjoner", "Gruppeoppgave1_Webapplikasjoner\Gruppeoppgave1_Webapplikasjoner.csproj", "{AB574420-CF7B-4190-B507-311060E04812}"
EndProject
Project("{FAE04EC0-301F-11D3-BF4B-00C04F79EFBC}") = "XUnitTestProject1", "XUnitTestProject1\XUnitTestProject1.csproj", "{BF323A75-4E6C-4069-A5CA-A5D6466D8D67}"
EndProject
Global
	GlobalSection(SolutionConfigurationPlatforms) = preSolution
		Debug|Any CPU = Debug|Any CPU
		Release|Any CPU = Release|Any CPU
	EndGlobalSection
	GlobalSection(ProjectConfigurationPlatforms) = postSolution
		{AB574420-CF7B-4190-B507-311060E04812}.Debug|Any CPU.ActiveCfg = Debug|Any CPU
		{AB574420-CF7B-4190-B507-311060E04812}.Debug|Any CPU.Build.0 = Debug|Any CPU
		{AB574420-CF7B-4190-B507-311060E04812}.Release|Any CPU.ActiveCfg = Release|Any CPU
		{AB574420-CF7B-4190-B507-311060E04812}.Release|Any CPU.Build.0 = Release|Any CPU
		{BF323A75-4E6C-4069-A5CA-A5D6466D8D67}.Debug|Any CPU.ActiveCfg = Debug|Any CPU
		{BF323A75-4E6C-4069-A5CA-A5D6466D8D67}.Debug|Any CPU.Build.0 = Debug|Any CPU
		{BF323A75-4E6C-4069-A5CA-A5D6466D8D67}.Release|Any CPU.ActiveCfg = Release|Any CPU
		{BF323A75-4E6C-4069-A5CA-A5D6466D8D67}.Release|Any CPU.Build.0 = Release|Any CPU
	EndGlobalSection
	GlobalSection(SolutionProperties) = preSolution
		HideSolutionNode = FALSE
	EndGlobalSection
	GlobalSection(ExtensibilityGlobals) = postSolution
		SolutionGuid = {0F0DE14C-62F2-4698-806E-A5CA18591180}
	EndGlobalSection
EndGlobal
